// !$*UTF8*$!
{
	archiveVersion = 1;
	classes = {
	};
	objectVersion = 50;
	objects = {

/* Begin PBXBuildFile section */
		D44C3ABD28F5AFBD00D91E2A /* XCUIElement+extension.swift in Sources */ = {isa = PBXBuildFile; fileRef = D44C3ABC28F5AFBD00D91E2A /* XCUIElement+extension.swift */; };
		D44C3ABF28F5B02E00D91E2A /* UIElement+macOSExtension.swift in Sources */ = {isa = PBXBuildFile; fileRef = D44C3ABE28F5B02E00D91E2A /* UIElement+macOSExtension.swift */; };
		D44C3AC228F5B05200D91E2A /* UIElement+iOSExtension.swift in Sources */ = {isa = PBXBuildFile; fileRef = D44C3AC128F5B05200D91E2A /* UIElement+iOSExtension.swift */; };
		D4A6033029029E84003EBCC3 /* Element.swift in Sources */ = {isa = PBXBuildFile; fileRef = D4A6032F29029E84003EBCC3 /* Element.swift */; };
		D4A6033129029E84003EBCC3 /* Element.swift in Sources */ = {isa = PBXBuildFile; fileRef = D4A6032F29029E84003EBCC3 /* Element.swift */; };
		D4A6033329029EDB003EBCC3 /* XCUIElement+forceTouchExtension.swift in Sources */ = {isa = PBXBuildFile; fileRef = D4A6033229029EDB003EBCC3 /* XCUIElement+forceTouchExtension.swift */; };
		D4C9B59F28FEBEF100C90E11 /* ElementsProtocol+iOSExtension.swift in Sources */ = {isa = PBXBuildFile; fileRef = D4C9B59E28FEBEF100C90E11 /* ElementsProtocol+iOSExtension.swift */; };
		FA00EDF428F0471C004925A3 /* MacUITests.swift in Sources */ = {isa = PBXBuildFile; fileRef = FAED63D928F001B800C09F5F /* MacUITests.swift */; };
		FA00EDF528F04723004925A3 /* IosUITests.swift in Sources */ = {isa = PBXBuildFile; fileRef = FAED63CC28F001A200C09F5F /* IosUITests.swift */; };
		FAE305FF291BF7210058A2B7 /* CallStackParser.swift in Sources */ = {isa = PBXBuildFile; fileRef = FAE305FE291BF7210058A2B7 /* CallStackParser.swift */; };
		FAE30600291BF7210058A2B7 /* CallStackParser.swift in Sources */ = {isa = PBXBuildFile; fileRef = FAE305FE291BF7210058A2B7 /* CallStackParser.swift */; };
		FAE30602291BF7420058A2B7 /* CwlDemangle.swift in Sources */ = {isa = PBXBuildFile; fileRef = FAE30601291BF7420058A2B7 /* CwlDemangle.swift */; };
		FAE30603291BF7420058A2B7 /* CwlDemangle.swift in Sources */ = {isa = PBXBuildFile; fileRef = FAE30601291BF7420058A2B7 /* CwlDemangle.swift */; };
		FAE30605291BF7590058A2B7 /* NSObject+Logging.swift in Sources */ = {isa = PBXBuildFile; fileRef = FAE30604291BF7590058A2B7 /* NSObject+Logging.swift */; };
		FAE30606291BF7590058A2B7 /* NSObject+Logging.swift in Sources */ = {isa = PBXBuildFile; fileRef = FAE30604291BF7590058A2B7 /* NSObject+Logging.swift */; };
		FAE30608291BF7770058A2B7 /* String+Extensions.swift in Sources */ = {isa = PBXBuildFile; fileRef = FAE30607291BF7770058A2B7 /* String+Extensions.swift */; };
		FAE30609291BF7770058A2B7 /* String+Extensions.swift in Sources */ = {isa = PBXBuildFile; fileRef = FAE30607291BF7770058A2B7 /* String+Extensions.swift */; };
		FAED64C228F0268E00C09F5F /* CoreElements.swift in Sources */ = {isa = PBXBuildFile; fileRef = 8A0F567525C9EF4200DE7892 /* CoreElements.swift */; };
		FAED64C328F026A000C09F5F /* MacCoreTestCase.swift in Sources */ = {isa = PBXBuildFile; fileRef = FAED63E028F0026300C09F5F /* MacCoreTestCase.swift */; };
		FAED64C428F026B100C09F5F /* ElementsProtocol.swift in Sources */ = {isa = PBXBuildFile; fileRef = 8A0F56D225C9F53100DE7892 /* ElementsProtocol.swift */; };
		FAED64C528F026B500C09F5F /* UIElement.swift in Sources */ = {isa = PBXBuildFile; fileRef = 8A0F56DB25C9F56F00DE7892 /* UIElement.swift */; };
		FAED64C628F026B900C09F5F /* XCUIElement.swift in Sources */ = {isa = PBXBuildFile; fileRef = 8A0F56EA25C9F79E00DE7892 /* XCUIElement.swift */; };
		FAED64C728F026BD00C09F5F /* InterruptionMonitor.swift in Sources */ = {isa = PBXBuildFile; fileRef = 8A5775E226698196001AFFA1 /* InterruptionMonitor.swift */; };
		FAED64C828F026C200C09F5F /* DateUtils.swift in Sources */ = {isa = PBXBuildFile; fileRef = 8A0F566C25C9EF4200DE7892 /* DateUtils.swift */; };
		FAED64C928F026D000C09F5F /* StringUtils.swift in Sources */ = {isa = PBXBuildFile; fileRef = 8A0F566825C9EF4200DE7892 /* StringUtils.swift */; };
		FAED64CA28F026D600C09F5F /* FileManagerUtils.swift in Sources */ = {isa = PBXBuildFile; fileRef = 2438A1D527A3204A00066EF0 /* FileManagerUtils.swift */; };
		FAED64CB28F026DA00C09F5F /* FileTypeUtils.swift in Sources */ = {isa = PBXBuildFile; fileRef = 24D22A8727A441F4003F0651 /* FileTypeUtils.swift */; };
		FAED64CC28F026DE00C09F5F /* XCTestCaseUtils.swift in Sources */ = {isa = PBXBuildFile; fileRef = 24D22A8027A35A1A003F0651 /* XCTestCaseUtils.swift */; };
		FAED64CD28F026E300C09F5F /* Wait.swift in Sources */ = {isa = PBXBuildFile; fileRef = 8A0F566E25C9EF4200DE7892 /* Wait.swift */; };
		FAED64CF28F026E700C09F5F /* Predicate.swift in Sources */ = {isa = PBXBuildFile; fileRef = 8AB883642649B44C00EDFCCB /* Predicate.swift */; };
		FAED658428F042E400C09F5F /* CoreElements.swift in Sources */ = {isa = PBXBuildFile; fileRef = 8A0F567525C9EF4200DE7892 /* CoreElements.swift */; };
		FAED658528F042E400C09F5F /* ElementsProtocol.swift in Sources */ = {isa = PBXBuildFile; fileRef = 8A0F56D225C9F53100DE7892 /* ElementsProtocol.swift */; };
		FAED658628F042E400C09F5F /* UIElement.swift in Sources */ = {isa = PBXBuildFile; fileRef = 8A0F56DB25C9F56F00DE7892 /* UIElement.swift */; };
		FAED658728F042E400C09F5F /* XCUIElement.swift in Sources */ = {isa = PBXBuildFile; fileRef = 8A0F56EA25C9F79E00DE7892 /* XCUIElement.swift */; };
		FAED658828F042E400C09F5F /* InterruptionMonitor.swift in Sources */ = {isa = PBXBuildFile; fileRef = 8A5775E226698196001AFFA1 /* InterruptionMonitor.swift */; };
		FAED658928F042E400C09F5F /* DateUtils.swift in Sources */ = {isa = PBXBuildFile; fileRef = 8A0F566C25C9EF4200DE7892 /* DateUtils.swift */; };
		FAED658A28F042E400C09F5F /* StringUtils.swift in Sources */ = {isa = PBXBuildFile; fileRef = 8A0F566825C9EF4200DE7892 /* StringUtils.swift */; };
		FAED658B28F042E400C09F5F /* FileManagerUtils.swift in Sources */ = {isa = PBXBuildFile; fileRef = 2438A1D527A3204A00066EF0 /* FileManagerUtils.swift */; };
		FAED658C28F042E400C09F5F /* FileTypeUtils.swift in Sources */ = {isa = PBXBuildFile; fileRef = 24D22A8727A441F4003F0651 /* FileTypeUtils.swift */; };
		FAED658D28F042E400C09F5F /* XCTestCaseUtils.swift in Sources */ = {isa = PBXBuildFile; fileRef = 24D22A8027A35A1A003F0651 /* XCTestCaseUtils.swift */; };
		FAED658E28F042E400C09F5F /* Wait.swift in Sources */ = {isa = PBXBuildFile; fileRef = 8A0F566E25C9EF4200DE7892 /* Wait.swift */; };
		FAED658F28F042E400C09F5F /* Predicate.swift in Sources */ = {isa = PBXBuildFile; fileRef = 8AB883642649B44C00EDFCCB /* Predicate.swift */; };
		FAED659028F042E400C09F5F /* CoreTestCase.swift in Sources */ = {isa = PBXBuildFile; fileRef = 8A4A3B16266F2B8500DBC4D1 /* CoreTestCase.swift */; };
		FAED659128F042E400C09F5F /* CoreTestCase+XCUITestRecording.swift in Sources */ = {isa = PBXBuildFile; fileRef = 24D22A8927A4882E003F0651 /* CoreTestCase+XCUITestRecording.swift */; };
		FAED659228F042E400C09F5F /* UIDevice.swift in Sources */ = {isa = PBXBuildFile; fileRef = 8AB5A467268E73410023D926 /* UIDevice.swift */; };
		FAED659328F042E400C09F5F /* XCUITestCaseRecorder.swift in Sources */ = {isa = PBXBuildFile; fileRef = 240117B027A181F400B1DC61 /* XCUITestCaseRecorder.swift */; };
		FAED659428F042E400C09F5F /* XCUITestCaseRecording.swift in Sources */ = {isa = PBXBuildFile; fileRef = 240117AE27A1816000B1DC61 /* XCUITestCaseRecording.swift */; };
		FAED659528F042E400C09F5F /* GifGenerator.swift in Sources */ = {isa = PBXBuildFile; fileRef = 24D22A8227A433E2003F0651 /* GifGenerator.swift */; };
		FAED659628F042E400C09F5F /* GifGenerationConfiguration.swift in Sources */ = {isa = PBXBuildFile; fileRef = 24D22A8527A43436003F0651 /* GifGenerationConfiguration.swift */; };
		FAED659728F042E400C09F5F /* VideoGenerator.swift in Sources */ = {isa = PBXBuildFile; fileRef = 240117B727A1978A00B1DC61 /* VideoGenerator.swift */; };
		FAED659828F042E400C09F5F /* VideoGenerationConfiguration.swift in Sources */ = {isa = PBXBuildFile; fileRef = 240117B527A1977200B1DC61 /* VideoGenerationConfiguration.swift */; };
		FAED659928F042E400C09F5F /* VideoWriter.swift in Sources */ = {isa = PBXBuildFile; fileRef = 240117B927A1979F00B1DC61 /* VideoWriter.swift */; };
		FAED659A28F042E400C09F5F /* PixelBufferFactory.swift in Sources */ = {isa = PBXBuildFile; fileRef = 240117BB27A197B400B1DC61 /* PixelBufferFactory.swift */; };
/* End PBXBuildFile section */

/* Begin PBXFileReference section */
		240117AE27A1816000B1DC61 /* XCUITestCaseRecording.swift */ = {isa = PBXFileReference; lastKnownFileType = sourcecode.swift; path = XCUITestCaseRecording.swift; sourceTree = "<group>"; };
		240117B027A181F400B1DC61 /* XCUITestCaseRecorder.swift */ = {isa = PBXFileReference; lastKnownFileType = sourcecode.swift; path = XCUITestCaseRecorder.swift; sourceTree = "<group>"; };
		240117B527A1977200B1DC61 /* VideoGenerationConfiguration.swift */ = {isa = PBXFileReference; lastKnownFileType = sourcecode.swift; path = VideoGenerationConfiguration.swift; sourceTree = "<group>"; };
		240117B727A1978A00B1DC61 /* VideoGenerator.swift */ = {isa = PBXFileReference; lastKnownFileType = sourcecode.swift; path = VideoGenerator.swift; sourceTree = "<group>"; };
		240117B927A1979F00B1DC61 /* VideoWriter.swift */ = {isa = PBXFileReference; lastKnownFileType = sourcecode.swift; path = VideoWriter.swift; sourceTree = "<group>"; };
		240117BB27A197B400B1DC61 /* PixelBufferFactory.swift */ = {isa = PBXFileReference; lastKnownFileType = sourcecode.swift; path = PixelBufferFactory.swift; sourceTree = "<group>"; };
		2438A1D527A3204A00066EF0 /* FileManagerUtils.swift */ = {isa = PBXFileReference; lastKnownFileType = sourcecode.swift; path = FileManagerUtils.swift; sourceTree = "<group>"; };
		24D22A8027A35A1A003F0651 /* XCTestCaseUtils.swift */ = {isa = PBXFileReference; lastKnownFileType = sourcecode.swift; path = XCTestCaseUtils.swift; sourceTree = "<group>"; };
		24D22A8227A433E2003F0651 /* GifGenerator.swift */ = {isa = PBXFileReference; lastKnownFileType = sourcecode.swift; path = GifGenerator.swift; sourceTree = "<group>"; };
		24D22A8527A43436003F0651 /* GifGenerationConfiguration.swift */ = {isa = PBXFileReference; lastKnownFileType = sourcecode.swift; path = GifGenerationConfiguration.swift; sourceTree = "<group>"; };
		24D22A8727A441F4003F0651 /* FileTypeUtils.swift */ = {isa = PBXFileReference; lastKnownFileType = sourcecode.swift; path = FileTypeUtils.swift; sourceTree = "<group>"; };
		24D22A8927A4882E003F0651 /* CoreTestCase+XCUITestRecording.swift */ = {isa = PBXFileReference; lastKnownFileType = sourcecode.swift; path = "CoreTestCase+XCUITestRecording.swift"; sourceTree = "<group>"; };
		8A0F566825C9EF4200DE7892 /* StringUtils.swift */ = {isa = PBXFileReference; fileEncoding = 4; lastKnownFileType = sourcecode.swift; path = StringUtils.swift; sourceTree = "<group>"; };
		8A0F566C25C9EF4200DE7892 /* DateUtils.swift */ = {isa = PBXFileReference; fileEncoding = 4; lastKnownFileType = sourcecode.swift; path = DateUtils.swift; sourceTree = "<group>"; };
		8A0F566E25C9EF4200DE7892 /* Wait.swift */ = {isa = PBXFileReference; fileEncoding = 4; lastKnownFileType = sourcecode.swift; path = Wait.swift; sourceTree = "<group>"; };
		8A0F567525C9EF4200DE7892 /* CoreElements.swift */ = {isa = PBXFileReference; fileEncoding = 4; lastKnownFileType = sourcecode.swift; path = CoreElements.swift; sourceTree = "<group>"; };
		8A0F56D225C9F53100DE7892 /* ElementsProtocol.swift */ = {isa = PBXFileReference; lastKnownFileType = sourcecode.swift; path = ElementsProtocol.swift; sourceTree = "<group>"; };
		8A0F56DB25C9F56F00DE7892 /* UIElement.swift */ = {isa = PBXFileReference; lastKnownFileType = sourcecode.swift; path = UIElement.swift; sourceTree = "<group>"; };
		8A0F56EA25C9F79E00DE7892 /* XCUIElement.swift */ = {isa = PBXFileReference; lastKnownFileType = sourcecode.swift; path = XCUIElement.swift; sourceTree = "<group>"; };
		8A4A3B16266F2B8500DBC4D1 /* CoreTestCase.swift */ = {isa = PBXFileReference; lastKnownFileType = sourcecode.swift; path = CoreTestCase.swift; sourceTree = "<group>"; };
		8A5775DC266931CD001AFFA1 /* LICENSE */ = {isa = PBXFileReference; lastKnownFileType = text; path = LICENSE; sourceTree = "<group>"; };
		8A5775E226698196001AFFA1 /* InterruptionMonitor.swift */ = {isa = PBXFileReference; lastKnownFileType = sourcecode.swift; path = InterruptionMonitor.swift; sourceTree = "<group>"; };
		8A5775E4266AD130001AFFA1 /* README.md */ = {isa = PBXFileReference; lastKnownFileType = net.daringfireball.markdown; path = README.md; sourceTree = "<group>"; };
		8AB5A467268E73410023D926 /* UIDevice.swift */ = {isa = PBXFileReference; lastKnownFileType = sourcecode.swift; path = UIDevice.swift; sourceTree = "<group>"; };
		8AB883642649B44C00EDFCCB /* Predicate.swift */ = {isa = PBXFileReference; lastKnownFileType = sourcecode.swift; path = Predicate.swift; sourceTree = "<group>"; };
		8AD7092525CC28100000C78F /* pmtest.podspec */ = {isa = PBXFileReference; lastKnownFileType = text; path = pmtest.podspec; sourceTree = "<group>"; };
		D44C3ABC28F5AFBD00D91E2A /* XCUIElement+extension.swift */ = {isa = PBXFileReference; lastKnownFileType = sourcecode.swift; path = "XCUIElement+extension.swift"; sourceTree = "<group>"; };
		D44C3ABE28F5B02E00D91E2A /* UIElement+macOSExtension.swift */ = {isa = PBXFileReference; lastKnownFileType = sourcecode.swift; path = "UIElement+macOSExtension.swift"; sourceTree = "<group>"; };
		D44C3AC128F5B05200D91E2A /* UIElement+iOSExtension.swift */ = {isa = PBXFileReference; lastKnownFileType = sourcecode.swift; path = "UIElement+iOSExtension.swift"; sourceTree = "<group>"; };
		D4A6032F29029E84003EBCC3 /* Element.swift */ = {isa = PBXFileReference; fileEncoding = 4; lastKnownFileType = sourcecode.swift; path = Element.swift; sourceTree = "<group>"; };
		D4A6033229029EDB003EBCC3 /* XCUIElement+forceTouchExtension.swift */ = {isa = PBXFileReference; fileEncoding = 4; lastKnownFileType = sourcecode.swift; path = "XCUIElement+forceTouchExtension.swift"; sourceTree = "<group>"; };
		D4C9B59E28FEBEF100C90E11 /* ElementsProtocol+iOSExtension.swift */ = {isa = PBXFileReference; lastKnownFileType = sourcecode.swift; path = "ElementsProtocol+iOSExtension.swift"; sourceTree = "<group>"; };
		FA3EBEF228F3FC3F00EDC86B /* MacUITest.xctest */ = {isa = PBXFileReference; explicitFileType = wrapper.cfbundle; includeInIndex = 0; path = MacUITest.xctest; sourceTree = BUILT_PRODUCTS_DIR; };
		FA3EBEF328F3FC3F00EDC86B /* IosUITest.xctest */ = {isa = PBXFileReference; explicitFileType = wrapper.cfbundle; includeInIndex = 0; path = IosUITest.xctest; sourceTree = BUILT_PRODUCTS_DIR; };
		FAE305FE291BF7210058A2B7 /* CallStackParser.swift */ = {isa = PBXFileReference; lastKnownFileType = sourcecode.swift; path = CallStackParser.swift; sourceTree = "<group>"; };
		FAE30601291BF7420058A2B7 /* CwlDemangle.swift */ = {isa = PBXFileReference; lastKnownFileType = sourcecode.swift; path = CwlDemangle.swift; sourceTree = "<group>"; };
		FAE30604291BF7590058A2B7 /* NSObject+Logging.swift */ = {isa = PBXFileReference; lastKnownFileType = sourcecode.swift; path = "NSObject+Logging.swift"; sourceTree = "<group>"; };
		FAE30607291BF7770058A2B7 /* String+Extensions.swift */ = {isa = PBXFileReference; lastKnownFileType = sourcecode.swift; path = "String+Extensions.swift"; sourceTree = "<group>"; };
		FAED63CC28F001A200C09F5F /* IosUITests.swift */ = {isa = PBXFileReference; lastKnownFileType = sourcecode.swift; path = IosUITests.swift; sourceTree = "<group>"; };
		FAED63D928F001B800C09F5F /* MacUITests.swift */ = {isa = PBXFileReference; lastKnownFileType = sourcecode.swift; path = MacUITests.swift; sourceTree = "<group>"; };
		FAED63E028F0026300C09F5F /* MacCoreTestCase.swift */ = {isa = PBXFileReference; lastKnownFileType = sourcecode.swift; path = MacCoreTestCase.swift; sourceTree = "<group>"; };
		FAED64AB28F0264D00C09F5F /* pmtestMac.framework */ = {isa = PBXFileReference; explicitFileType = wrapper.framework; includeInIndex = 0; path = pmtestMac.framework; sourceTree = BUILT_PRODUCTS_DIR; };
		FAED656D28F042A400C09F5F /* pmtest.framework */ = {isa = PBXFileReference; explicitFileType = wrapper.framework; includeInIndex = 0; path = pmtest.framework; sourceTree = BUILT_PRODUCTS_DIR; };
/* End PBXFileReference section */

/* Begin PBXFrameworksBuildPhase section */
		FAED63C728F001A200C09F5F /* Frameworks */ = {
			isa = PBXFrameworksBuildPhase;
			buildActionMask = 2147483647;
			files = (
			);
			runOnlyForDeploymentPostprocessing = 0;
		};
		FAED63D428F001B800C09F5F /* Frameworks */ = {
			isa = PBXFrameworksBuildPhase;
			buildActionMask = 2147483647;
			files = (
			);
			runOnlyForDeploymentPostprocessing = 0;
		};
		FAED64A828F0264D00C09F5F /* Frameworks */ = {
			isa = PBXFrameworksBuildPhase;
			buildActionMask = 2147483647;
			files = (
			);
			runOnlyForDeploymentPostprocessing = 0;
		};
		FAED656A28F042A400C09F5F /* Frameworks */ = {
			isa = PBXFrameworksBuildPhase;
			buildActionMask = 2147483647;
			files = (
			);
			runOnlyForDeploymentPostprocessing = 0;
		};
/* End PBXFrameworksBuildPhase section */

/* Begin PBXGroup section */
		240117B427A1975A00B1DC61 /* Recording */ = {
			isa = PBXGroup;
			children = (
				240117B027A181F400B1DC61 /* XCUITestCaseRecorder.swift */,
				240117AE27A1816000B1DC61 /* XCUITestCaseRecording.swift */,
				24D22A8427A433E9003F0651 /* GifGeneration */,
				240117BD27A197FF00B1DC61 /* VideoGeneration */,
			);
			path = Recording;
			sourceTree = "<group>";
		};
		240117BD27A197FF00B1DC61 /* VideoGeneration */ = {
			isa = PBXGroup;
			children = (
				240117B727A1978A00B1DC61 /* VideoGenerator.swift */,
				240117B527A1977200B1DC61 /* VideoGenerationConfiguration.swift */,
				240117B927A1979F00B1DC61 /* VideoWriter.swift */,
				240117BB27A197B400B1DC61 /* PixelBufferFactory.swift */,
			);
			path = VideoGeneration;
			sourceTree = "<group>";
		};
		24D22A8427A433E9003F0651 /* GifGeneration */ = {
			isa = PBXGroup;
			children = (
				24D22A8227A433E2003F0651 /* GifGenerator.swift */,
				24D22A8527A43436003F0651 /* GifGenerationConfiguration.swift */,
			);
			path = GifGeneration;
			sourceTree = "<group>";
		};
		8A0F563025C9EC9B00DE7892 = {
			isa = PBXGroup;
			children = (
				8A5775E4266AD130001AFFA1 /* README.md */,
				8A5775DC266931CD001AFFA1 /* LICENSE */,
				8AD7092525CC28100000C78F /* pmtest.podspec */,
				8A0F563C25C9EC9B00DE7892 /* pmtest */,
				FAED63CB28F001A200C09F5F /* IosUITest */,
				FAED63D828F001B800C09F5F /* MacUITest */,
				FAED64AB28F0264D00C09F5F /* pmtestMac.framework */,
				FAED656D28F042A400C09F5F /* pmtest.framework */,
				FA3EBEF228F3FC3F00EDC86B /* MacUITest.xctest */,
				FA3EBEF328F3FC3F00EDC86B /* IosUITest.xctest */,
			);
			sourceTree = "<group>";
		};
		8A0F563C25C9EC9B00DE7892 /* pmtest */ = {
			isa = PBXGroup;
			children = (
				FAED63C528F000BE00C09F5F /* Common */,
				FAED63C428F000A400C09F5F /* iOS */,
				FAED63C328F0009D00C09F5F /* Mac */,
			);
			path = pmtest;
			sourceTree = "<group>";
		};
		8A0F566625C9EF4200DE7892 /* Utils */ = {
			isa = PBXGroup;
			children = (
				8A0F566C25C9EF4200DE7892 /* DateUtils.swift */,
				8A0F566825C9EF4200DE7892 /* StringUtils.swift */,
				2438A1D527A3204A00066EF0 /* FileManagerUtils.swift */,
				24D22A8727A441F4003F0651 /* FileTypeUtils.swift */,
				24D22A8027A35A1A003F0651 /* XCTestCaseUtils.swift */,
			);
			path = Utils;
			sourceTree = "<group>";
		};
		8A0F566D25C9EF4200DE7892 /* Waits */ = {
			isa = PBXGroup;
			children = (
				8A0F566E25C9EF4200DE7892 /* Wait.swift */,
				8AB883642649B44C00EDFCCB /* Predicate.swift */,
			);
			path = Waits;
			sourceTree = "<group>";
		};
		8A0F566F25C9EF4200DE7892 /* Elements */ = {
			isa = PBXGroup;
			children = (
				D4A6032F29029E84003EBCC3 /* Element.swift */,
				8A0F56D225C9F53100DE7892 /* ElementsProtocol.swift */,
				8A0F56DB25C9F56F00DE7892 /* UIElement.swift */,
				8A0F56EA25C9F79E00DE7892 /* XCUIElement.swift */,
			);
			path = Elements;
			sourceTree = "<group>";
		};
		8A5775E12669817F001AFFA1 /* Interruption */ = {
			isa = PBXGroup;
			children = (
				8A5775E226698196001AFFA1 /* InterruptionMonitor.swift */,
			);
			path = Interruption;
			sourceTree = "<group>";
		};
		8AE339C6268D09AD0070311A /* Device */ = {
			isa = PBXGroup;
			children = (
				8AB5A467268E73410023D926 /* UIDevice.swift */,
			);
			path = Device;
			sourceTree = "<group>";
		};
		D44C3ABB28F5AF9B00D91E2A /* Elements */ = {
			isa = PBXGroup;
			children = (
				D44C3ABE28F5B02E00D91E2A /* UIElement+macOSExtension.swift */,
				D44C3ABC28F5AFBD00D91E2A /* XCUIElement+extension.swift */,
			);
			path = Elements;
			sourceTree = "<group>";
		};
		D44C3AC028F5B03600D91E2A /* Elements */ = {
			isa = PBXGroup;
			children = (
				D44C3AC128F5B05200D91E2A /* UIElement+iOSExtension.swift */,
				D4C9B59E28FEBEF100C90E11 /* ElementsProtocol+iOSExtension.swift */,
				D4A6033229029EDB003EBCC3 /* XCUIElement+forceTouchExtension.swift */,
			);
			path = Elements;
			sourceTree = "<group>";
		};
		FAE305FD291BF7080058A2B7 /* stacktrace */ = {
			isa = PBXGroup;
			children = (
				FAE305FE291BF7210058A2B7 /* CallStackParser.swift */,
				FAE30601291BF7420058A2B7 /* CwlDemangle.swift */,
				FAE30604291BF7590058A2B7 /* NSObject+Logging.swift */,
				FAE30607291BF7770058A2B7 /* String+Extensions.swift */,
			);
			path = stacktrace;
			sourceTree = "<group>";
		};
		FAED63C328F0009D00C09F5F /* Mac */ = {
			isa = PBXGroup;
			children = (
				D44C3ABB28F5AF9B00D91E2A /* Elements */,
				FAED63E028F0026300C09F5F /* MacCoreTestCase.swift */,
			);
			path = Mac;
			sourceTree = "<group>";
		};
		FAED63C428F000A400C09F5F /* iOS */ = {
			isa = PBXGroup;
			children = (
				D44C3AC028F5B03600D91E2A /* Elements */,
				8A4A3B16266F2B8500DBC4D1 /* CoreTestCase.swift */,
				24D22A8927A4882E003F0651 /* CoreTestCase+XCUITestRecording.swift */,
				8AE339C6268D09AD0070311A /* Device */,
				240117B427A1975A00B1DC61 /* Recording */,
			);
			path = iOS;
			sourceTree = "<group>";
		};
		FAED63C528F000BE00C09F5F /* Common */ = {
			isa = PBXGroup;
			children = (
				FAE305FD291BF7080058A2B7 /* stacktrace */,
				8A0F567525C9EF4200DE7892 /* CoreElements.swift */,
				8A0F566F25C9EF4200DE7892 /* Elements */,
				8A5775E12669817F001AFFA1 /* Interruption */,
				8A0F566625C9EF4200DE7892 /* Utils */,
				8A0F566D25C9EF4200DE7892 /* Waits */,
			);
			path = Common;
			sourceTree = "<group>";
		};
		FAED63CB28F001A200C09F5F /* IosUITest */ = {
			isa = PBXGroup;
			children = (
				FAED63CC28F001A200C09F5F /* IosUITests.swift */,
			);
			path = IosUITest;
			sourceTree = "<group>";
		};
		FAED63D828F001B800C09F5F /* MacUITest */ = {
			isa = PBXGroup;
			children = (
				FAED63D928F001B800C09F5F /* MacUITests.swift */,
			);
			path = MacUITest;
			sourceTree = "<group>";
		};
/* End PBXGroup section */

/* Begin PBXHeadersBuildPhase section */
		FAED64A628F0264D00C09F5F /* Headers */ = {
			isa = PBXHeadersBuildPhase;
			buildActionMask = 2147483647;
			files = (
			);
			runOnlyForDeploymentPostprocessing = 0;
		};
		FAED656828F042A400C09F5F /* Headers */ = {
			isa = PBXHeadersBuildPhase;
			buildActionMask = 2147483647;
			files = (
			);
			runOnlyForDeploymentPostprocessing = 0;
		};
/* End PBXHeadersBuildPhase section */

/* Begin PBXNativeTarget section */
		FAED63C928F001A200C09F5F /* MacUITest */ = {
			isa = PBXNativeTarget;
			buildConfigurationList = FAED63D028F001A200C09F5F /* Build configuration list for PBXNativeTarget "MacUITest" */;
			buildPhases = (
				FAED63C628F001A200C09F5F /* Sources */,
				FAED63C728F001A200C09F5F /* Frameworks */,
				FAED63C828F001A200C09F5F /* Resources */,
			);
			buildRules = (
			);
			dependencies = (
			);
			name = MacUITest;
			productName = IosPmtest;
			productReference = FA3EBEF228F3FC3F00EDC86B /* MacUITest.xctest */;
			productType = "com.apple.product-type.bundle.ui-testing";
		};
		FAED63D628F001B800C09F5F /* IosUITest */ = {
			isa = PBXNativeTarget;
			buildConfigurationList = FAED63DD28F001B800C09F5F /* Build configuration list for PBXNativeTarget "IosUITest" */;
			buildPhases = (
				FAED63D328F001B800C09F5F /* Sources */,
				FAED63D428F001B800C09F5F /* Frameworks */,
				FAED63D528F001B800C09F5F /* Resources */,
			);
			buildRules = (
			);
			dependencies = (
			);
			name = IosUITest;
			productName = OsxPmtest;
			productReference = FA3EBEF328F3FC3F00EDC86B /* IosUITest.xctest */;
			productType = "com.apple.product-type.bundle.ui-testing";
		};
		FAED64AA28F0264D00C09F5F /* pmtestMac */ = {
			isa = PBXNativeTarget;
			buildConfigurationList = FAED64BC28F0264E00C09F5F /* Build configuration list for PBXNativeTarget "pmtestMac" */;
			buildPhases = (
				FAED64A628F0264D00C09F5F /* Headers */,
				FAED64A728F0264D00C09F5F /* Sources */,
				FAED64A828F0264D00C09F5F /* Frameworks */,
				FAED64A928F0264D00C09F5F /* Resources */,
			);
			buildRules = (
			);
			dependencies = (
			);
			name = pmtestMac;
			productName = pmtestMac;
			productReference = FAED64AB28F0264D00C09F5F /* pmtestMac.framework */;
			productType = "com.apple.product-type.framework";
		};
		FAED656C28F042A400C09F5F /* pmtest */ = {
			isa = PBXNativeTarget;
			buildConfigurationList = FAED657E28F042A500C09F5F /* Build configuration list for PBXNativeTarget "pmtest" */;
			buildPhases = (
				FAED656828F042A400C09F5F /* Headers */,
				FAED656928F042A400C09F5F /* Sources */,
				FAED656A28F042A400C09F5F /* Frameworks */,
				FAED656B28F042A400C09F5F /* Resources */,
			);
			buildRules = (
			);
			dependencies = (
			);
			name = pmtest;
			productName = pmtest;
			productReference = FAED656D28F042A400C09F5F /* pmtest.framework */;
			productType = "com.apple.product-type.framework";
		};
/* End PBXNativeTarget section */

/* Begin PBXProject section */
		8A0F563125C9EC9B00DE7892 /* Project object */ = {
			isa = PBXProject;
			attributes = {
				LastSwiftUpdateCheck = 1340;
				LastUpgradeCheck = 1340;
				TargetAttributes = {
					FAED63C928F001A200C09F5F = {
						CreatedOnToolsVersion = 13.4.1;
					};
					FAED63D628F001B800C09F5F = {
						CreatedOnToolsVersion = 13.4.1;
					};
					FAED64AA28F0264D00C09F5F = {
						CreatedOnToolsVersion = 13.4.1;
					};
					FAED656C28F042A400C09F5F = {
						CreatedOnToolsVersion = 13.4.1;
					};
				};
			};
			buildConfigurationList = 8A0F563425C9EC9B00DE7892 /* Build configuration list for PBXProject "pmtest" */;
			compatibilityVersion = "Xcode 9.3";
			developmentRegion = en;
			hasScannedForEncodings = 0;
			knownRegions = (
				en,
				Base,
			);
			mainGroup = 8A0F563025C9EC9B00DE7892;
			productRefGroup = 8A0F563025C9EC9B00DE7892;
			projectDirPath = "";
			projectRoot = "";
			targets = (
				FAED63C928F001A200C09F5F /* MacUITest */,
				FAED63D628F001B800C09F5F /* IosUITest */,
				FAED64AA28F0264D00C09F5F /* pmtestMac */,
				FAED656C28F042A400C09F5F /* pmtest */,
			);
		};
/* End PBXProject section */

/* Begin PBXResourcesBuildPhase section */
		FAED63C828F001A200C09F5F /* Resources */ = {
			isa = PBXResourcesBuildPhase;
			buildActionMask = 2147483647;
			files = (
			);
			runOnlyForDeploymentPostprocessing = 0;
		};
		FAED63D528F001B800C09F5F /* Resources */ = {
			isa = PBXResourcesBuildPhase;
			buildActionMask = 2147483647;
			files = (
			);
			runOnlyForDeploymentPostprocessing = 0;
		};
		FAED64A928F0264D00C09F5F /* Resources */ = {
			isa = PBXResourcesBuildPhase;
			buildActionMask = 2147483647;
			files = (
			);
			runOnlyForDeploymentPostprocessing = 0;
		};
		FAED656B28F042A400C09F5F /* Resources */ = {
			isa = PBXResourcesBuildPhase;
			buildActionMask = 2147483647;
			files = (
			);
			runOnlyForDeploymentPostprocessing = 0;
		};
/* End PBXResourcesBuildPhase section */

/* Begin PBXSourcesBuildPhase section */
		FAED63C628F001A200C09F5F /* Sources */ = {
			isa = PBXSourcesBuildPhase;
			buildActionMask = 2147483647;
			files = (
				FA00EDF428F0471C004925A3 /* MacUITests.swift in Sources */,
			);
			runOnlyForDeploymentPostprocessing = 0;
		};
		FAED63D328F001B800C09F5F /* Sources */ = {
			isa = PBXSourcesBuildPhase;
			buildActionMask = 2147483647;
			files = (
				FA00EDF528F04723004925A3 /* IosUITests.swift in Sources */,
			);
			runOnlyForDeploymentPostprocessing = 0;
		};
		FAED64A728F0264D00C09F5F /* Sources */ = {
			isa = PBXSourcesBuildPhase;
			buildActionMask = 2147483647;
			files = (
				FAE30608291BF7770058A2B7 /* String+Extensions.swift in Sources */,
				FAED64C928F026D000C09F5F /* StringUtils.swift in Sources */,
				D44C3ABF28F5B02E00D91E2A /* UIElement+macOSExtension.swift in Sources */,
				D4A6033029029E84003EBCC3 /* Element.swift in Sources */,
				D44C3ABD28F5AFBD00D91E2A /* XCUIElement+extension.swift in Sources */,
				FAED64C428F026B100C09F5F /* ElementsProtocol.swift in Sources */,
				FAED64C828F026C200C09F5F /* DateUtils.swift in Sources */,
				FAED64CA28F026D600C09F5F /* FileManagerUtils.swift in Sources */,
				FAED64C628F026B900C09F5F /* XCUIElement.swift in Sources */,
				FAED64C728F026BD00C09F5F /* InterruptionMonitor.swift in Sources */,
				FAED64C328F026A000C09F5F /* MacCoreTestCase.swift in Sources */,
				FAED64CD28F026E300C09F5F /* Wait.swift in Sources */,
				FAE30602291BF7420058A2B7 /* CwlDemangle.swift in Sources */,
				FAE305FF291BF7210058A2B7 /* CallStackParser.swift in Sources */,
				FAED64C528F026B500C09F5F /* UIElement.swift in Sources */,
				FAED64CF28F026E700C09F5F /* Predicate.swift in Sources */,
				FAE30605291BF7590058A2B7 /* NSObject+Logging.swift in Sources */,
				FAED64CC28F026DE00C09F5F /* XCTestCaseUtils.swift in Sources */,
				FAED64CB28F026DA00C09F5F /* FileTypeUtils.swift in Sources */,
				FAED64C228F0268E00C09F5F /* CoreElements.swift in Sources */,
			);
			runOnlyForDeploymentPostprocessing = 0;
		};
		FAED656928F042A400C09F5F /* Sources */ = {
			isa = PBXSourcesBuildPhase;
			buildActionMask = 2147483647;
			files = (
				FAED658428F042E400C09F5F /* CoreElements.swift in Sources */,
				FAED658528F042E400C09F5F /* ElementsProtocol.swift in Sources */,
				FAED658628F042E400C09F5F /* UIElement.swift in Sources */,
				FAED658728F042E400C09F5F /* XCUIElement.swift in Sources */,
				FAE30609291BF7770058A2B7 /* String+Extensions.swift in Sources */,
				FAED658828F042E400C09F5F /* InterruptionMonitor.swift in Sources */,
				FAED658928F042E400C09F5F /* DateUtils.swift in Sources */,
				FAED658A28F042E400C09F5F /* StringUtils.swift in Sources */,
				FAE30606291BF7590058A2B7 /* NSObject+Logging.swift in Sources */,
				FAED658B28F042E400C09F5F /* FileManagerUtils.swift in Sources */,
				FAED658C28F042E400C09F5F /* FileTypeUtils.swift in Sources */,
				D4C9B59F28FEBEF100C90E11 /* ElementsProtocol+iOSExtension.swift in Sources */,
				FAED658D28F042E400C09F5F /* XCTestCaseUtils.swift in Sources */,
				FAED658E28F042E400C09F5F /* Wait.swift in Sources */,
				FAED658F28F042E400C09F5F /* Predicate.swift in Sources */,
				FAED659028F042E400C09F5F /* CoreTestCase.swift in Sources */,
				FAED659128F042E400C09F5F /* CoreTestCase+XCUITestRecording.swift in Sources */,
				FAED659228F042E400C09F5F /* UIDevice.swift in Sources */,
				D4A6033129029E84003EBCC3 /* Element.swift in Sources */,
				FAED659328F042E400C09F5F /* XCUITestCaseRecorder.swift in Sources */,
				FAED659428F042E400C09F5F /* XCUITestCaseRecording.swift in Sources */,
				FAED659528F042E400C09F5F /* GifGenerator.swift in Sources */,
				FAED659628F042E400C09F5F /* GifGenerationConfiguration.swift in Sources */,
				FAED659728F042E400C09F5F /* VideoGenerator.swift in Sources */,
				FAE30603291BF7420058A2B7 /* CwlDemangle.swift in Sources */,
				FAED659828F042E400C09F5F /* VideoGenerationConfiguration.swift in Sources */,
				FAED659928F042E400C09F5F /* VideoWriter.swift in Sources */,
				FAE30600291BF7210058A2B7 /* CallStackParser.swift in Sources */,
				D44C3AC228F5B05200D91E2A /* UIElement+iOSExtension.swift in Sources */,
				FAED659A28F042E400C09F5F /* PixelBufferFactory.swift in Sources */,
				D4A6033329029EDB003EBCC3 /* XCUIElement+forceTouchExtension.swift in Sources */,
			);
			runOnlyForDeploymentPostprocessing = 0;
		};
/* End PBXSourcesBuildPhase section */

/* Begin XCBuildConfiguration section */
		8A0F564025C9EC9B00DE7892 /* Debug */ = {
			isa = XCBuildConfiguration;
			buildSettings = {
				ALWAYS_SEARCH_USER_PATHS = NO;
				CLANG_ANALYZER_NONNULL = YES;
				CLANG_ANALYZER_NUMBER_OBJECT_CONVERSION = YES_AGGRESSIVE;
				CLANG_CXX_LANGUAGE_STANDARD = "gnu++14";
				CLANG_CXX_LIBRARY = "libc++";
				CLANG_ENABLE_MODULES = YES;
				CLANG_ENABLE_OBJC_ARC = YES;
				CLANG_ENABLE_OBJC_WEAK = YES;
				CLANG_WARN_BLOCK_CAPTURE_AUTORELEASING = YES;
				CLANG_WARN_BOOL_CONVERSION = YES;
				CLANG_WARN_COMMA = YES;
				CLANG_WARN_CONSTANT_CONVERSION = YES;
				CLANG_WARN_DEPRECATED_OBJC_IMPLEMENTATIONS = YES;
				CLANG_WARN_DIRECT_OBJC_ISA_USAGE = YES_ERROR;
				CLANG_WARN_DOCUMENTATION_COMMENTS = YES;
				CLANG_WARN_EMPTY_BODY = YES;
				CLANG_WARN_ENUM_CONVERSION = YES;
				CLANG_WARN_INFINITE_RECURSION = YES;
				CLANG_WARN_INT_CONVERSION = YES;
				CLANG_WARN_NON_LITERAL_NULL_CONVERSION = YES;
				CLANG_WARN_OBJC_IMPLICIT_RETAIN_SELF = YES;
				CLANG_WARN_OBJC_LITERAL_CONVERSION = YES;
				CLANG_WARN_OBJC_ROOT_CLASS = YES_ERROR;
				CLANG_WARN_QUOTED_INCLUDE_IN_FRAMEWORK_HEADER = YES;
				CLANG_WARN_RANGE_LOOP_ANALYSIS = YES;
				CLANG_WARN_STRICT_PROTOTYPES = YES;
				CLANG_WARN_SUSPICIOUS_MOVE = YES;
				CLANG_WARN_UNGUARDED_AVAILABILITY = YES_AGGRESSIVE;
				CLANG_WARN_UNREACHABLE_CODE = YES;
				CLANG_WARN__DUPLICATE_METHOD_MATCH = YES;
				COPY_PHASE_STRIP = NO;
				CURRENT_PROJECT_VERSION = 1;
				DEBUG_INFORMATION_FORMAT = dwarf;
				ENABLE_BITCODE = NO;
				ENABLE_STRICT_OBJC_MSGSEND = YES;
				ENABLE_TESTABILITY = YES;
				ENABLE_TESTING_SEARCH_PATHS = YES;
				GCC_C_LANGUAGE_STANDARD = gnu11;
				GCC_DYNAMIC_NO_PIC = NO;
				GCC_NO_COMMON_BLOCKS = YES;
				GCC_OPTIMIZATION_LEVEL = 0;
				GCC_PREPROCESSOR_DEFINITIONS = (
					"DEBUG=1",
					"$(inherited)",
				);
				GCC_WARN_64_TO_32_BIT_CONVERSION = YES;
				GCC_WARN_ABOUT_RETURN_TYPE = YES_ERROR;
				GCC_WARN_UNDECLARED_SELECTOR = YES;
				GCC_WARN_UNINITIALIZED_AUTOS = YES_AGGRESSIVE;
				GCC_WARN_UNUSED_FUNCTION = YES;
				GCC_WARN_UNUSED_VARIABLE = YES;
				IPHONEOS_DEPLOYMENT_TARGET = 12.0;
				MACOSX_DEPLOYMENT_TARGET = 11.0;
				MTL_ENABLE_DEBUG_INFO = INCLUDE_SOURCE;
				MTL_FAST_MATH = YES;
				ONLY_ACTIVE_ARCH = YES;
				SDKROOT = iphoneos;
				SWIFT_ACTIVE_COMPILATION_CONDITIONS = DEBUG;
				SWIFT_OPTIMIZATION_LEVEL = "-Onone";
				VERSIONING_SYSTEM = "apple-generic";
				VERSION_INFO_PREFIX = "";
			};
			name = Debug;
		};
		8A0F564125C9EC9B00DE7892 /* Release */ = {
			isa = XCBuildConfiguration;
			buildSettings = {
				ALWAYS_SEARCH_USER_PATHS = NO;
				CLANG_ANALYZER_NONNULL = YES;
				CLANG_ANALYZER_NUMBER_OBJECT_CONVERSION = YES_AGGRESSIVE;
				CLANG_CXX_LANGUAGE_STANDARD = "gnu++14";
				CLANG_CXX_LIBRARY = "libc++";
				CLANG_ENABLE_MODULES = YES;
				CLANG_ENABLE_OBJC_ARC = YES;
				CLANG_ENABLE_OBJC_WEAK = YES;
				CLANG_WARN_BLOCK_CAPTURE_AUTORELEASING = YES;
				CLANG_WARN_BOOL_CONVERSION = YES;
				CLANG_WARN_COMMA = YES;
				CLANG_WARN_CONSTANT_CONVERSION = YES;
				CLANG_WARN_DEPRECATED_OBJC_IMPLEMENTATIONS = YES;
				CLANG_WARN_DIRECT_OBJC_ISA_USAGE = YES_ERROR;
				CLANG_WARN_DOCUMENTATION_COMMENTS = YES;
				CLANG_WARN_EMPTY_BODY = YES;
				CLANG_WARN_ENUM_CONVERSION = YES;
				CLANG_WARN_INFINITE_RECURSION = YES;
				CLANG_WARN_INT_CONVERSION = YES;
				CLANG_WARN_NON_LITERAL_NULL_CONVERSION = YES;
				CLANG_WARN_OBJC_IMPLICIT_RETAIN_SELF = YES;
				CLANG_WARN_OBJC_LITERAL_CONVERSION = YES;
				CLANG_WARN_OBJC_ROOT_CLASS = YES_ERROR;
				CLANG_WARN_QUOTED_INCLUDE_IN_FRAMEWORK_HEADER = YES;
				CLANG_WARN_RANGE_LOOP_ANALYSIS = YES;
				CLANG_WARN_STRICT_PROTOTYPES = YES;
				CLANG_WARN_SUSPICIOUS_MOVE = YES;
				CLANG_WARN_UNGUARDED_AVAILABILITY = YES_AGGRESSIVE;
				CLANG_WARN_UNREACHABLE_CODE = YES;
				CLANG_WARN__DUPLICATE_METHOD_MATCH = YES;
				COPY_PHASE_STRIP = NO;
				CURRENT_PROJECT_VERSION = 1;
				DEBUG_INFORMATION_FORMAT = "dwarf-with-dsym";
				ENABLE_BITCODE = NO;
				ENABLE_NS_ASSERTIONS = NO;
				ENABLE_STRICT_OBJC_MSGSEND = YES;
				ENABLE_TESTING_SEARCH_PATHS = YES;
				GCC_C_LANGUAGE_STANDARD = gnu11;
				GCC_NO_COMMON_BLOCKS = YES;
				GCC_WARN_64_TO_32_BIT_CONVERSION = YES;
				GCC_WARN_ABOUT_RETURN_TYPE = YES_ERROR;
				GCC_WARN_UNDECLARED_SELECTOR = YES;
				GCC_WARN_UNINITIALIZED_AUTOS = YES_AGGRESSIVE;
				GCC_WARN_UNUSED_FUNCTION = YES;
				GCC_WARN_UNUSED_VARIABLE = YES;
				IPHONEOS_DEPLOYMENT_TARGET = 12.0;
				MACOSX_DEPLOYMENT_TARGET = 11.0;
				MTL_ENABLE_DEBUG_INFO = NO;
				MTL_FAST_MATH = YES;
				SDKROOT = iphoneos;
				SWIFT_COMPILATION_MODE = wholemodule;
				SWIFT_OPTIMIZATION_LEVEL = "-O";
				VALIDATE_PRODUCT = YES;
				VERSIONING_SYSTEM = "apple-generic";
				VERSION_INFO_PREFIX = "";
			};
			name = Release;
		};
		FAED63D128F001A200C09F5F /* Debug */ = {
			isa = XCBuildConfiguration;
			buildSettings = {
				CLANG_CXX_LANGUAGE_STANDARD = "gnu++17";
				"CODE_SIGN_IDENTITY[sdk=macosx*]" = "Apple Development";
				CODE_SIGN_STYLE = Automatic;
				CURRENT_PROJECT_VERSION = 1;
				DEVELOPMENT_TEAM = 2SB5Z68H26;
				GENERATE_INFOPLIST_FILE = YES;
				IPHONEOS_DEPLOYMENT_TARGET = 15.5;
				MARKETING_VERSION = 1.0;
				PRODUCT_BUNDLE_IDENTIFIER = me.proton.monkey.IosPmtest;
				PRODUCT_NAME = "$(TARGET_NAME)";
				SDKROOT = macosx;
				SWIFT_EMIT_LOC_STRINGS = NO;
				SWIFT_VERSION = 5.0;
				TARGETED_DEVICE_FAMILY = "1,2";
			};
			name = Debug;
		};
		FAED63D228F001A200C09F5F /* Release */ = {
			isa = XCBuildConfiguration;
			buildSettings = {
				CLANG_CXX_LANGUAGE_STANDARD = "gnu++17";
				"CODE_SIGN_IDENTITY[sdk=macosx*]" = "Apple Development";
				CODE_SIGN_STYLE = Automatic;
				CURRENT_PROJECT_VERSION = 1;
				DEVELOPMENT_TEAM = 2SB5Z68H26;
				GENERATE_INFOPLIST_FILE = YES;
				IPHONEOS_DEPLOYMENT_TARGET = 15.5;
				MARKETING_VERSION = 1.0;
				PRODUCT_BUNDLE_IDENTIFIER = me.proton.monkey.IosPmtest;
				PRODUCT_NAME = "$(TARGET_NAME)";
				SDKROOT = macosx;
				SWIFT_EMIT_LOC_STRINGS = NO;
				SWIFT_VERSION = 5.0;
				TARGETED_DEVICE_FAMILY = "1,2";
			};
			name = Release;
		};
		FAED63DE28F001B800C09F5F /* Debug */ = {
			isa = XCBuildConfiguration;
			buildSettings = {
				CLANG_CXX_LANGUAGE_STANDARD = "gnu++17";
				CODE_SIGN_STYLE = Automatic;
				CURRENT_PROJECT_VERSION = 1;
				DEVELOPMENT_TEAM = 2SB5Z68H26;
				GENERATE_INFOPLIST_FILE = YES;
				MACOSX_DEPLOYMENT_TARGET = 12.3;
				MARKETING_VERSION = 1.0;
				PRODUCT_BUNDLE_IDENTIFIER = me.proton.monkey.OsxPmtest;
				PRODUCT_NAME = "$(TARGET_NAME)";
				SDKROOT = iphoneos;
				SWIFT_EMIT_LOC_STRINGS = NO;
				SWIFT_VERSION = 5.0;
			};
			name = Debug;
		};
		FAED63DF28F001B800C09F5F /* Release */ = {
			isa = XCBuildConfiguration;
			buildSettings = {
				CLANG_CXX_LANGUAGE_STANDARD = "gnu++17";
				CODE_SIGN_STYLE = Automatic;
				CURRENT_PROJECT_VERSION = 1;
				DEVELOPMENT_TEAM = 2SB5Z68H26;
				GENERATE_INFOPLIST_FILE = YES;
				MACOSX_DEPLOYMENT_TARGET = 12.3;
				MARKETING_VERSION = 1.0;
				PRODUCT_BUNDLE_IDENTIFIER = me.proton.monkey.OsxPmtest;
				PRODUCT_NAME = "$(TARGET_NAME)";
				SDKROOT = iphoneos;
				SWIFT_EMIT_LOC_STRINGS = NO;
				SWIFT_VERSION = 5.0;
			};
			name = Release;
		};
		FAED64BD28F0264E00C09F5F /* Debug */ = {
			isa = XCBuildConfiguration;
			buildSettings = {
				CLANG_CXX_LANGUAGE_STANDARD = "gnu++17";
				CODE_SIGN_STYLE = Automatic;
				COMBINE_HIDPI_IMAGES = YES;
				CURRENT_PROJECT_VERSION = 1;
				DEFINES_MODULE = YES;
				DYLIB_COMPATIBILITY_VERSION = 1;
				DYLIB_CURRENT_VERSION = 1;
				DYLIB_INSTALL_NAME_BASE = "@rpath";
				GENERATE_INFOPLIST_FILE = YES;
				INFOPLIST_KEY_NSHumanReadableCopyright = "";
				INSTALL_PATH = "$(LOCAL_LIBRARY_DIR)/Frameworks";
				LD_RUNPATH_SEARCH_PATHS = (
					"$(inherited)",
					"@executable_path/../Frameworks",
					"@loader_path/Frameworks",
				);
				MACOSX_DEPLOYMENT_TARGET = 11.0;
				MARKETING_VERSION = 1.0;
				PRODUCT_BUNDLE_IDENTIFIER = me.proton.monkey.pmtestMac;
				PRODUCT_NAME = "$(TARGET_NAME:c99extidentifier)";
				SDKROOT = macosx;
				SKIP_INSTALL = YES;
				SWIFT_EMIT_LOC_STRINGS = YES;
				SWIFT_VERSION = 5.0;
			};
			name = Debug;
		};
		FAED64BE28F0264E00C09F5F /* Release */ = {
			isa = XCBuildConfiguration;
			buildSettings = {
				CLANG_CXX_LANGUAGE_STANDARD = "gnu++17";
				CODE_SIGN_STYLE = Automatic;
				COMBINE_HIDPI_IMAGES = YES;
				CURRENT_PROJECT_VERSION = 1;
				DEFINES_MODULE = YES;
				DYLIB_COMPATIBILITY_VERSION = 1;
				DYLIB_CURRENT_VERSION = 1;
				DYLIB_INSTALL_NAME_BASE = "@rpath";
				GENERATE_INFOPLIST_FILE = YES;
				INFOPLIST_KEY_NSHumanReadableCopyright = "";
				INSTALL_PATH = "$(LOCAL_LIBRARY_DIR)/Frameworks";
				LD_RUNPATH_SEARCH_PATHS = (
					"$(inherited)",
					"@executable_path/../Frameworks",
					"@loader_path/Frameworks",
				);
				MACOSX_DEPLOYMENT_TARGET = 11.0;
				MARKETING_VERSION = 1.0;
				PRODUCT_BUNDLE_IDENTIFIER = me.proton.monkey.pmtestMac;
				PRODUCT_NAME = "$(TARGET_NAME:c99extidentifier)";
				SDKROOT = macosx;
				SKIP_INSTALL = YES;
				SWIFT_EMIT_LOC_STRINGS = YES;
				SWIFT_VERSION = 5.0;
			};
			name = Release;
		};
		FAED657F28F042A500C09F5F /* Debug */ = {
			isa = XCBuildConfiguration;
			buildSettings = {
				CLANG_CXX_LANGUAGE_STANDARD = "gnu++17";
				CODE_SIGN_STYLE = Automatic;
				CURRENT_PROJECT_VERSION = 1;
				DEFINES_MODULE = YES;
				DYLIB_COMPATIBILITY_VERSION = 1;
				DYLIB_CURRENT_VERSION = 1;
				DYLIB_INSTALL_NAME_BASE = "@rpath";
				GENERATE_INFOPLIST_FILE = YES;
				INFOPLIST_KEY_NSHumanReadableCopyright = "";
				INSTALL_PATH = "$(LOCAL_LIBRARY_DIR)/Frameworks";
				IPHONEOS_DEPLOYMENT_TARGET = 12.0;
				"IPHONEOS_DEPLOYMENT_TARGET[sdk=macosx*]" = 14.2;
				LD_RUNPATH_SEARCH_PATHS = (
					"$(inherited)",
					"@executable_path/Frameworks",
					"@loader_path/Frameworks",
				);
				MARKETING_VERSION = 1.0;
				PRODUCT_BUNDLE_IDENTIFIER = me.proton.monkey.pmtest;
				PRODUCT_NAME = "$(TARGET_NAME:c99extidentifier)";
				SKIP_INSTALL = YES;
				SUPPORTS_MACCATALYST = NO;
				SWIFT_EMIT_LOC_STRINGS = YES;
				SWIFT_VERSION = 5.0;
				TARGETED_DEVICE_FAMILY = 1;
			};
			name = Debug;
		};
		FAED658028F042A500C09F5F /* Release */ = {
			isa = XCBuildConfiguration;
			buildSettings = {
				CLANG_CXX_LANGUAGE_STANDARD = "gnu++17";
				CODE_SIGN_STYLE = Automatic;
				CURRENT_PROJECT_VERSION = 1;
				DEFINES_MODULE = YES;
				DYLIB_COMPATIBILITY_VERSION = 1;
				DYLIB_CURRENT_VERSION = 1;
				DYLIB_INSTALL_NAME_BASE = "@rpath";
				GENERATE_INFOPLIST_FILE = YES;
				INFOPLIST_KEY_NSHumanReadableCopyright = "";
				INSTALL_PATH = "$(LOCAL_LIBRARY_DIR)/Frameworks";
				IPHONEOS_DEPLOYMENT_TARGET = 12.0;
				"IPHONEOS_DEPLOYMENT_TARGET[sdk=macosx*]" = 14.2;
				LD_RUNPATH_SEARCH_PATHS = (
					"$(inherited)",
					"@executable_path/Frameworks",
					"@loader_path/Frameworks",
				);
				MARKETING_VERSION = 1.0;
				PRODUCT_BUNDLE_IDENTIFIER = me.proton.monkey.pmtest;
				PRODUCT_NAME = "$(TARGET_NAME:c99extidentifier)";
				SKIP_INSTALL = YES;
				SUPPORTS_MACCATALYST = NO;
				SWIFT_EMIT_LOC_STRINGS = YES;
				SWIFT_VERSION = 5.0;
				TARGETED_DEVICE_FAMILY = 1;
			};
			name = Release;
		};
/* End XCBuildConfiguration section */

/* Begin XCConfigurationList section */
		8A0F563425C9EC9B00DE7892 /* Build configuration list for PBXProject "pmtest" */ = {
			isa = XCConfigurationList;
			buildConfigurations = (
				8A0F564025C9EC9B00DE7892 /* Debug */,
				8A0F564125C9EC9B00DE7892 /* Release */,
			);
			defaultConfigurationIsVisible = 0;
			defaultConfigurationName = Release;
		};
		FAED63D028F001A200C09F5F /* Build configuration list for PBXNativeTarget "MacUITest" */ = {
			isa = XCConfigurationList;
			buildConfigurations = (
				FAED63D128F001A200C09F5F /* Debug */,
				FAED63D228F001A200C09F5F /* Release */,
			);
			defaultConfigurationIsVisible = 0;
			defaultConfigurationName = Release;
		};
		FAED63DD28F001B800C09F5F /* Build configuration list for PBXNativeTarget "IosUITest" */ = {
			isa = XCConfigurationList;
			buildConfigurations = (
				FAED63DE28F001B800C09F5F /* Debug */,
				FAED63DF28F001B800C09F5F /* Release */,
			);
			defaultConfigurationIsVisible = 0;
			defaultConfigurationName = Release;
		};
		FAED64BC28F0264E00C09F5F /* Build configuration list for PBXNativeTarget "pmtestMac" */ = {
			isa = XCConfigurationList;
			buildConfigurations = (
				FAED64BD28F0264E00C09F5F /* Debug */,
				FAED64BE28F0264E00C09F5F /* Release */,
			);
			defaultConfigurationIsVisible = 0;
			defaultConfigurationName = Release;
		};
		FAED657E28F042A500C09F5F /* Build configuration list for PBXNativeTarget "pmtest" */ = {
			isa = XCConfigurationList;
			buildConfigurations = (
				FAED657F28F042A500C09F5F /* Debug */,
				FAED658028F042A500C09F5F /* Release */,
			);
			defaultConfigurationIsVisible = 0;
			defaultConfigurationName = Release;
		};
/* End XCConfigurationList section */
	};
	rootObject = 8A0F563125C9EC9B00DE7892 /* Project object */;
}
